// !$*UTF8*$!
{
	archiveVersion = 1;
	classes = {
	};
	objectVersion = 46;
	objects = {

/* Begin PBXBuildFile section */
		E5490F7C1BADD8A900A1455A /* main.m in Sources */ = {isa = PBXBuildFile; fileRef = E5490F7B1BADD8A900A1455A /* main.m */; };
		E5490F7F1BADD8A900A1455A /* AppDelegate.m in Sources */ = {isa = PBXBuildFile; fileRef = E5490F7E1BADD8A900A1455A /* AppDelegate.m */; };
		E5490F821BADD8A900A1455A /* Laundry_App.xcdatamodeld in Sources */ = {isa = PBXBuildFile; fileRef = E5490F801BADD8A900A1455A /* Laundry_App.xcdatamodeld */; };
		E5490F851BADD8A900A1455A /* ViewController.m in Sources */ = {isa = PBXBuildFile; fileRef = E5490F841BADD8A900A1455A /* ViewController.m */; };
		E5490F881BADD8A900A1455A /* Main.storyboard in Resources */ = {isa = PBXBuildFile; fileRef = E5490F861BADD8A900A1455A /* Main.storyboard */; };
		E5490F8A1BADD8A900A1455A /* Images.xcassets in Resources */ = {isa = PBXBuildFile; fileRef = E5490F891BADD8A900A1455A /* Images.xcassets */; };
		E5490F8D1BADD8A900A1455A /* LaunchScreen.xib in Resources */ = {isa = PBXBuildFile; fileRef = E5490F8B1BADD8A900A1455A /* LaunchScreen.xib */; };
		E5490F991BADD8A900A1455A /* Laundry_AppTests.m in Sources */ = {isa = PBXBuildFile; fileRef = E5490F981BADD8A900A1455A /* Laundry_AppTests.m */; };
/* End PBXBuildFile section */

/* Begin PBXContainerItemProxy section */
		E5490F931BADD8A900A1455A /* PBXContainerItemProxy */ = {
			isa = PBXContainerItemProxy;
			containerPortal = E5490F6E1BADD8A800A1455A /* Project object */;
			proxyType = 1;
			remoteGlobalIDString = E5490F751BADD8A800A1455A;
			remoteInfo = "Laundry App";
		};
/* End PBXContainerItemProxy section */

/* Begin PBXFileReference section */
		E5490F761BADD8A900A1455A /* Laundry App.app */ = {isa = PBXFileReference; explicitFileType = wrapper.application; includeInIndex = 0; path = "Laundry App.app"; sourceTree = BUILT_PRODUCTS_DIR; };
		E5490F7A1BADD8A900A1455A /* Info.plist */ = {isa = PBXFileReference; lastKnownFileType = text.plist.xml; path = Info.plist; sourceTree = "<group>"; };
		E5490F7B1BADD8A900A1455A /* main.m */ = {isa = PBXFileReference; lastKnownFileType = sourcecode.c.objc; path = main.m; sourceTree = "<group>"; };
		E5490F7D1BADD8A900A1455A /* AppDelegate.h */ = {isa = PBXFileReference; lastKnownFileType = sourcecode.c.h; path = AppDelegate.h; sourceTree = "<group>"; };
		E5490F7E1BADD8A900A1455A /* AppDelegate.m */ = {isa = PBXFileReference; lastKnownFileType = sourcecode.c.objc; path = AppDelegate.m; sourceTree = "<group>"; };
		E5490F811BADD8A900A1455A /* Laundry_App.xcdatamodel */ = {isa = PBXFileReference; lastKnownFileType = wrapper.xcdatamodel; path = Laundry_App.xcdatamodel; sourceTree = "<group>"; };
		E5490F831BADD8A900A1455A /* ViewController.h */ = {isa = PBXFileReference; lastKnownFileType = sourcecode.c.h; path = ViewController.h; sourceTree = "<group>"; };
		E5490F841BADD8A900A1455A /* ViewController.m */ = {isa = PBXFileReference; lastKnownFileType = sourcecode.c.objc; path = ViewController.m; sourceTree = "<group>"; };
		E5490F871BADD8A900A1455A /* Base */ = {isa = PBXFileReference; lastKnownFileType = file.storyboard; name = Base; path = Base.lproj/Main.storyboard; sourceTree = "<group>"; };
		E5490F891BADD8A900A1455A /* Images.xcassets */ = {isa = PBXFileReference; lastKnownFileType = folder.assetcatalog; path = Images.xcassets; sourceTree = "<group>"; };
		E5490F8C1BADD8A900A1455A /* Base */ = {isa = PBXFileReference; lastKnownFileType = file.xib; name = Base; path = Base.lproj/LaunchScreen.xib; sourceTree = "<group>"; };
		E5490F921BADD8A900A1455A /* Laundry AppTests.xctest */ = {isa = PBXFileReference; explicitFileType = wrapper.cfbundle; includeInIndex = 0; path = "Laundry AppTests.xctest"; sourceTree = BUILT_PRODUCTS_DIR; };
		E5490F971BADD8A900A1455A /* Info.plist */ = {isa = PBXFileReference; lastKnownFileType = text.plist.xml; path = Info.plist; sourceTree = "<group>"; };
		E5490F981BADD8A900A1455A /* Laundry_AppTests.m */ = {isa = PBXFileReference; lastKnownFileType = sourcecode.c.objc; path = Laundry_AppTests.m; sourceTree = "<group>"; };
/* End PBXFileReference section */

/* Begin PBXFrameworksBuildPhase section */
		E5490F731BADD8A800A1455A /* Frameworks */ = {
			isa = PBXFrameworksBuildPhase;
			buildActionMask = 2147483647;
			files = (
			);
			runOnlyForDeploymentPostprocessing = 0;
		};
		E5490F8F1BADD8A900A1455A /* Frameworks */ = {
			isa = PBXFrameworksBuildPhase;
			buildActionMask = 2147483647;
			files = (
			);
			runOnlyForDeploymentPostprocessing = 0;
		};
/* End PBXFrameworksBuildPhase section */

/* Begin PBXGroup section */
		E5490F6D1BADD8A800A1455A = {
			isa = PBXGroup;
			children = (
				E5490F781BADD8A900A1455A /* Laundry App */,
				E5490F951BADD8A900A1455A /* Laundry AppTests */,
				E5490F771BADD8A900A1455A /* Products */,
			);
			sourceTree = "<group>";
		};
		E5490F771BADD8A900A1455A /* Products */ = {
			isa = PBXGroup;
			children = (
				E5490F761BADD8A900A1455A /* Laundry App.app */,
				E5490F921BADD8A900A1455A /* Laundry AppTests.xctest */,
			);
			name = Products;
			sourceTree = "<group>";
		};
		E5490F781BADD8A900A1455A /* Laundry App */ = {
			isa = PBXGroup;
			children = (
				E5490F7D1BADD8A900A1455A /* AppDelegate.h */,
				E5490F7E1BADD8A900A1455A /* AppDelegate.m */,
				E5490F831BADD8A900A1455A /* ViewController.h */,
				E5490F841BADD8A900A1455A /* ViewController.m */,
				E5490F861BADD8A900A1455A /* Main.storyboard */,
				E5490F891BADD8A900A1455A /* Images.xcassets */,
				E5490F8B1BADD8A900A1455A /* LaunchScreen.xib */,
				E5490F801BADD8A900A1455A /* Laundry_App.xcdatamodeld */,
				E5490F791BADD8A900A1455A /* Supporting Files */,
			);
			path = "Laundry App";
			sourceTree = "<group>";
		};
		E5490F791BADD8A900A1455A /* Supporting Files */ = {
			isa = PBXGroup;
			children = (
				E5490F7A1BADD8A900A1455A /* Info.plist */,
				E5490F7B1BADD8A900A1455A /* main.m */,
			);
			name = "Supporting Files";
			sourceTree = "<group>";
		};
		E5490F951BADD8A900A1455A /* Laundry AppTests */ = {
			isa = PBXGroup;
			children = (
				E5490F981BADD8A900A1455A /* Laundry_AppTests.m */,
				E5490F961BADD8A900A1455A /* Supporting Files */,
			);
			path = "Laundry AppTests";
			sourceTree = "<group>";
		};
		E5490F961BADD8A900A1455A /* Supporting Files */ = {
			isa = PBXGroup;
			children = (
				E5490F971BADD8A900A1455A /* Info.plist */,
			);
			name = "Supporting Files";
			sourceTree = "<group>";
		};
/* End PBXGroup section */

/* Begin PBXNativeTarget section */
		E5490F751BADD8A800A1455A /* Laundry App */ = {
			isa = PBXNativeTarget;
			buildConfigurationList = E5490F9C1BADD8A900A1455A /* Build configuration list for PBXNativeTarget "Laundry App" */;
			buildPhases = (
				E5490F721BADD8A800A1455A /* Sources */,
				E5490F731BADD8A800A1455A /* Frameworks */,
				E5490F741BADD8A800A1455A /* Resources */,
			);
			buildRules = (
			);
			dependencies = (
			);
			name = "Laundry App";
			productName = "Laundry App";
			productReference = E5490F761BADD8A900A1455A /* Laundry App.app */;
			productType = "com.apple.product-type.application";
		};
		E5490F911BADD8A900A1455A /* Laundry AppTests */ = {
			isa = PBXNativeTarget;
			buildConfigurationList = E5490F9F1BADD8A900A1455A /* Build configuration list for PBXNativeTarget "Laundry AppTests" */;
			buildPhases = (
				E5490F8E1BADD8A900A1455A /* Sources */,
				E5490F8F1BADD8A900A1455A /* Frameworks */,
				E5490F901BADD8A900A1455A /* Resources */,
			);
			buildRules = (
			);
			dependencies = (
				E5490F941BADD8A900A1455A /* PBXTargetDependency */,
			);
			name = "Laundry AppTests";
			productName = "Laundry AppTests";
			productReference = E5490F921BADD8A900A1455A /* Laundry AppTests.xctest */;
			productType = "com.apple.product-type.bundle.unit-test";
		};
/* End PBXNativeTarget section */

/* Begin PBXProject section */
		E5490F6E1BADD8A800A1455A /* Project object */ = {
			isa = PBXProject;
			attributes = {
				LastUpgradeCheck = 0610;
				ORGANIZATIONNAME = "shuchi mehra";
				TargetAttributes = {
					E5490F751BADD8A800A1455A = {
						CreatedOnToolsVersion = 6.1;
					};
					E5490F911BADD8A900A1455A = {
						CreatedOnToolsVersion = 6.1;
						TestTargetID = E5490F751BADD8A800A1455A;
					};
				};
			};
			buildConfigurationList = E5490F711BADD8A800A1455A /* Build configuration list for PBXProject "Laundry App" */;
			compatibilityVersion = "Xcode 3.2";
			developmentRegion = English;
			hasScannedForEncodings = 0;
			knownRegions = (
				en,
				Base,
			);
			mainGroup = E5490F6D1BADD8A800A1455A;
			productRefGroup = E5490F771BADD8A900A1455A /* Products */;
			projectDirPath = "";
			projectRoot = "";
			targets = (
				E5490F751BADD8A800A1455A /* Laundry App */,
				E5490F911BADD8A900A1455A /* Laundry AppTests */,
			);
		};
/* End PBXProject section */

/* Begin PBXResourcesBuildPhase section */
		E5490F741BADD8A800A1455A /* Resources */ = {
			isa = PBXResourcesBuildPhase;
			buildActionMask = 2147483647;
			files = (
				E5490F881BADD8A900A1455A /* Main.storyboard in Resources */,
				E5490F8D1BADD8A900A1455A /* LaunchScreen.xib in Resources */,
				E5490F8A1BADD8A900A1455A /* Images.xcassets in Resources */,
			);
			runOnlyForDeploymentPostprocessing = 0;
		};
		E5490F901BADD8A900A1455A /* Resources */ = {
			isa = PBXResourcesBuildPhase;
			buildActionMask = 2147483647;
			files = (
			);
			runOnlyForDeploymentPostprocessing = 0;
		};
/* End PBXResourcesBuildPhase section */

/* Begin PBXSourcesBuildPhase section */
		E5490F721BADD8A800A1455A /* Sources */ = {
			isa = PBXSourcesBuildPhase;
			buildActionMask = 2147483647;
			files = (
				E5490F7F1BADD8A900A1455A /* AppDelegate.m in Sources */,
				E5490F821BADD8A900A1455A /* Laundry_App.xcdatamodeld in Sources */,
				E5490F851BADD8A900A1455A /* ViewController.m in Sources */,
				E5490F7C1BADD8A900A1455A /* main.m in Sources */,
			);
			runOnlyForDeploymentPostprocessing = 0;
		};
		E5490F8E1BADD8A900A1455A /* Sources */ = {
			isa = PBXSourcesBuildPhase;
			buildActionMask = 2147483647;
			files = (
				E5490F991BADD8A900A1455A /* Laundry_AppTests.m in Sources */,
			);
			runOnlyForDeploymentPostprocessing = 0;
		};
/* End PBXSourcesBuildPhase section */

/* Begin PBXTargetDependency section */
		E5490F941BADD8A900A1455A /* PBXTargetDependency */ = {
			isa = PBXTargetDependency;
			target = E5490F751BADD8A800A1455A /* Laundry App */;
			targetProxy = E5490F931BADD8A900A1455A /* PBXContainerItemProxy */;
		};
/* End PBXTargetDependency section */

/* Begin PBXVariantGroup section */
		E5490F861BADD8A900A1455A /* Main.storyboard */ = {
			isa = PBXVariantGroup;
			children = (
				E5490F871BADD8A900A1455A /* Base */,
			);
			name = Main.storyboard;
			sourceTree = "<group>";
		};
		E5490F8B1BADD8A900A1455A /* LaunchScreen.xib */ = {
			isa = PBXVariantGroup;
			children = (
				E5490F8C1BADD8A900A1455A /* Base */,
			);
			name = LaunchScreen.xib;
			sourceTree = "<group>";
		};
/* End PBXVariantGroup section */

/* Begin XCBuildConfiguration section */
		E5490F9A1BADD8A900A1455A /* Debug */ = {
			isa = XCBuildConfiguration;
			buildSettings = {
				ALWAYS_SEARCH_USER_PATHS = NO;
				CLANG_CXX_LANGUAGE_STANDARD = "gnu++0x";
				CLANG_CXX_LIBRARY = "libc++";
				CLANG_ENABLE_MODULES = YES;
				CLANG_ENABLE_OBJC_ARC = YES;
				CLANG_WARN_BOOL_CONVERSION = YES;
				CLANG_WARN_CONSTANT_CONVERSION = YES;
				CLANG_WARN_DIRECT_OBJC_ISA_USAGE = YES_ERROR;
				CLANG_WARN_EMPTY_BODY = YES;
				CLANG_WARN_ENUM_CONVERSION = YES;
				CLANG_WARN_INT_CONVERSION = YES;
				CLANG_WARN_OBJC_ROOT_CLASS = YES_ERROR;
				CLANG_WARN_UNREACHABLE_CODE = YES;
				CLANG_WARN__DUPLICATE_METHOD_MATCH = YES;
				"CODE_SIGN_IDENTITY[sdk=iphoneos*]" = "iPhone Developer";
				COPY_PHASE_STRIP = NO;
				ENABLE_STRICT_OBJC_MSGSEND = YES;
				GCC_C_LANGUAGE_STANDARD = gnu99;
				GCC_DYNAMIC_NO_PIC = NO;
				GCC_OPTIMIZATION_LEVEL = 0;
				GCC_PREPROCESSOR_DEFINITIONS = (
					"DEBUG=1",
					"$(inherited)",
				);
				GCC_SYMBOLS_PRIVATE_EXTERN = NO;
				GCC_WARN_64_TO_32_BIT_CONVERSION = YES;
				GCC_WARN_ABOUT_RETURN_TYPE = YES_ERROR;
				GCC_WARN_UNDECLARED_SELECTOR = YES;
				GCC_WARN_UNINITIALIZED_AUTOS = YES_AGGRESSIVE;
				GCC_WARN_UNUSED_FUNCTION = YES;
				GCC_WARN_UNUSED_VARIABLE = YES;
				IPHONEOS_DEPLOYMENT_TARGET = 8.1;
				MTL_ENABLE_DEBUG_INFO = YES;
				ONLY_ACTIVE_ARCH = YES;
				SDKROOT = iphoneos;
			};
			name = Debug;
		};
		E5490F9B1BADD8A900A1455A /* Release */ = {
			isa = XCBuildConfiguration;
			buildSettings = {
				ALWAYS_SEARCH_USER_PATHS = NO;
				CLANG_CXX_LANGUAGE_STANDARD = "gnu++0x";
				CLANG_CXX_LIBRARY = "libc++";
				CLANG_ENABLE_MODULES = YES;
				CLANG_ENABLE_OBJC_ARC = YES;
				CLANG_WARN_BOOL_CONVERSION = YES;
				CLANG_WARN_CONSTANT_CONVERSION = YES;
				CLANG_WARN_DIRECT_OBJC_ISA_USAGE = YES_ERROR;
				CLANG_WARN_EMPTY_BODY = YES;
				CLANG_WARN_ENUM_CONVERSION = YES;
				CLANG_WARN_INT_CONVERSION = YES;
				CLANG_WARN_OBJC_ROOT_CLASS = YES_ERROR;
				CLANG_WARN_UNREACHABLE_CODE = YES;
				CLANG_WARN__DUPLICATE_METHOD_MATCH = YES;
				"CODE_SIGN_IDENTITY[sdk=iphoneos*]" = "iPhone Developer";
				COPY_PHASE_STRIP = YES;
				ENABLE_NS_ASSERTIONS = NO;
				ENABLE_STRICT_OBJC_MSGSEND = YES;
				GCC_C_LANGUAGE_STANDARD = gnu99;
				GCC_WARN_64_TO_32_BIT_CONVERSION = YES;
				GCC_WARN_ABOUT_RETURN_TYPE = YES_ERROR;
				GCC_WARN_UNDECLARED_SELECTOR = YES;
				GCC_WARN_UNINITIALIZED_AUTOS = YES_AGGRESSIVE;
				GCC_WARN_UNUSED_FUNCTION = YES;
				GCC_WARN_UNUSED_VARIABLE = YES;
				IPHONEOS_DEPLOYMENT_TARGET = 8.1;
				MTL_ENABLE_DEBUG_INFO = NO;
				SDKROOT = iphoneos;
				VALIDATE_PRODUCT = YES;
			};
			name = Release;
		};
		E5490F9D1BADD8A900A1455A /* Debug */ = {
			isa = XCBuildConfiguration;
			buildSettings = {
				ASSETCATALOG_COMPILER_APPICON_NAME = AppIcon;
				INFOPLIST_FILE = "Laundry App/Info.plist";
				LD_RUNPATH_SEARCH_PATHS = "$(inherited) @executable_path/Frameworks";
				PRODUCT_NAME = "$(TARGET_NAME)";
			};
			name = Debug;
		};
		E5490F9E1BADD8A900A1455A /* Release */ = {
			isa = XCBuildConfiguration;
			buildSettings = {
				ASSETCATALOG_COMPILER_APPICON_NAME = AppIcon;
				INFOPLIST_FILE = "Laundry App/Info.plist";
				LD_RUNPATH_SEARCH_PATHS = "$(inherited) @executable_path/Frameworks";
				PRODUCT_NAME = "$(TARGET_NAME)";
			};
			name = Release;
		};
		E5490FA01BADD8A900A1455A /* Debug */ = {
			isa = XCBuildConfiguration;
			buildSettings = {
				BUNDLE_LOADER = "$(TEST_HOST)";
				FRAMEWORK_SEARCH_PATHS = (
					"$(SDKROOT)/Developer/Library/Frameworks",
					"$(inherited)",
				);
				GCC_PREPROCESSOR_DEFINITIONS = (
					"DEBUG=1",
					"$(inherited)",
				);
				INFOPLIST_FILE = "Laundry AppTests/Info.plist";
				LD_RUNPATH_SEARCH_PATHS = "$(inherited) @executable_path/Frameworks @loader_path/Frameworks";
				PRODUCT_NAME = "$(TARGET_NAME)";
				TEST_HOST = "$(BUILT_PRODUCTS_DIR)/Laundry App.app/Laundry App";
			};
			name = Debug;
		};
		E5490FA11BADD8A900A1455A /* Release */ = {
			isa = XCBuildConfiguration;
			buildSettings = {
				BUNDLE_LOADER = "$(TEST_HOST)";
				FRAMEWORK_SEARCH_PATHS = (
					"$(SDKROOT)/Developer/Library/Frameworks",
					"$(inherited)",
				);
				INFOPLIST_FILE = "Laundry AppTests/Info.plist";
				LD_RUNPATH_SEARCH_PATHS = "$(inherited) @executable_path/Frameworks @loader_path/Frameworks";
				PRODUCT_NAME = "$(TARGET_NAME)";
				TEST_HOST = "$(BUILT_PRODUCTS_DIR)/Laundry App.app/Laundry App";
			};
			name = Release;
		};
/* End XCBuildConfiguration section */

/* Begin XCConfigurationList section */
		E5490F711BADD8A800A1455A /* Build configuration list for PBXProject "Laundry App" */ = {
			isa = XCConfigurationList;
			buildConfigurations = (
				E5490F9A1BADD8A900A1455A /* Debug */,
				E5490F9B1BADD8A900A1455A /* Release */,
			);
			defaultConfigurationIsVisible = 0;
			defaultConfigurationName = Release;
		};
		E5490F9C1BADD8A900A1455A /* Build configuration list for PBXNativeTarget "Laundry App" */ = {
			isa = XCConfigurationList;
			buildConfigurations = (
				E5490F9D1BADD8A900A1455A /* Debug */,
				E5490F9E1BADD8A900A1455A /* Release */,
			);
			defaultConfigurationIsVisible = 0;
		};
		E5490F9F1BADD8A900A1455A /* Build configuration list for PBXNativeTarget "Laundry AppTests" */ = {
			isa = XCConfigurationList;
			buildConfigurations = (
				E5490FA01BADD8A900A1455A /* Debug */,
				E5490FA11BADD8A900A1455A /* Release */,
			);
			defaultConfigurationIsVisible = 0;
		};
/* End XCConfigurationList section */

/* Begin XCVersionGroup section */
		E5490F801BADD8A900A1455A /* Laundry_App.xcdatamodeld */ = {
			isa = XCVersionGroup;
			children = (
				E5490F811BADD8A900A1455A /* Laundry_App.xcdatamodel */,
			);
			currentVersion = E5490F811BADD8A900A1455A /* Laundry_App.xcdatamodel */;
			path = Laundry_App.xcdatamodeld;
			sourceTree = "<group>";
			versionGroupType = wrapper.xcdatamodel;
		};
/* End XCVersionGroup section */
	};
	rootObject = E5490F6E1BADD8A800A1455A /* Project object */;
}
